
Microsoft Visual Studio Solution File, Format Version 12.00
# Visual Studio Version 16
VisualStudioVersion = 16.0.31729.503
MinimumVisualStudioVersion = 10.0.40219.1
Project("{FAE04EC0-301F-11D3-BF4B-00C04F79EFBC}") = "Pr_5_zad_1_forms", "Pr_5_zad_1_forms\Pr_5_zad_1_forms.csproj", "{2F753C12-D34A-40F6-9AE1-BB42A07CAA4D}"
EndProject
Global
	GlobalSection(SolutionConfigurationPlatforms) = preSolution
		Debug|Any CPU = Debug|Any CPU
		Release|Any CPU = Release|Any CPU
	EndGlobalSection
	GlobalSection(ProjectConfigurationPlatforms) = postSolution
		{2F753C12-D34A-40F6-9AE1-BB42A07CAA4D}.Debug|Any CPU.ActiveCfg = Debug|Any CPU
		{2F753C12-D34A-40F6-9AE1-BB42A07CAA4D}.Debug|Any CPU.Build.0 = Debug|Any CPU
		{2F753C12-D34A-40F6-9AE1-BB42A07CAA4D}.Release|Any CPU.ActiveCfg = Release|Any CPU
		{2F753C12-D34A-40F6-9AE1-BB42A07CAA4D}.Release|Any CPU.Build.0 = Release|Any CPU
	EndGlobalSection
	GlobalSection(SolutionProperties) = preSolution
		HideSolutionNode = FALSE
	EndGlobalSection
	GlobalSection(ExtensibilityGlobals) = postSolution
		SolutionGuid = {F6E14E55-7512-4B8D-8C3F-45A6259B3FED}
	EndGlobalSection
EndGlobal
